{
  "name": "ALADIN-Functions",
  "lockfileVersion": 3,
  "requires": true,
  "packages": {
    "": {
      "dependencies": {
        "json-logic-engine": "^5.0.6"
      }
    },
    "node_modules/json-logic-engine": {
      "version": "5.0.6",
      "resolved": "https://registry.npmjs.org/json-logic-engine/-/json-logic-engine-5.0.6.tgz",
      "integrity": "sha512-6vWTts7/q7cngodeA0p+bL9UduRf07EwaMBCdOmwNY9CsO40/UCK4B8+V9YZ8O5p0b8C9wvcNVnzA9ABHCsjxg==",
      "license": "MIT",
      "engines": {
        "node": ">=12.22.7"
      }
    }
  }
}
